Terraform used the selected providers to generate the following execution plan. Resource actions are indicated with the following symbols:
  + create

Terraform will perform the following actions:

  # virtualbox_vm.tf-homework-2 will be created
  + resource "virtualbox_vm" "tf-homework-2" {
      + cpus   = 1
      + id     = (known after apply)
      + image  = "https://app.vagrantup.com/shekeriev/boxes/debian-11/versions/0.2/providers/virtualbox.box"
      + memory = "512 mib"
      + name   = "debian-11"
      + status = "running"

      + network_adapter {
          + device                 = "IntelPro1000MTDesktop"
          + host_interface         = "vboxnet0"
          + ipv4_address           = (known after apply)
          + ipv4_address_available = (known after apply)
          + mac_address            = (known after apply)
          + status                 = (known after apply)
          + type                   = "hostonly"
        }
    }

Plan: 1 to add, 0 to change, 0 to destroy.

Changes to Outputs:
  + IPAddress = (known after apply)
